// !$*UTF8*$!
{
	archiveVersion = 1;
	classes = {
	};
	objectVersion = 55;
	objects = {

/* Begin PBXBuildFile section */
		9ABC03DF28374E3E00F2C030 /* AppDelegate.swift in Sources */ = {isa = PBXBuildFile; fileRef = 9ABC03DE28374E3E00F2C030 /* AppDelegate.swift */; };
		9ABC03E128374E3E00F2C030 /* SceneDelegate.swift in Sources */ = {isa = PBXBuildFile; fileRef = 9ABC03E028374E3E00F2C030 /* SceneDelegate.swift */; };
		9ABC03E328374E3E00F2C030 /* ViewController.swift in Sources */ = {isa = PBXBuildFile; fileRef = 9ABC03E228374E3E00F2C030 /* ViewController.swift */; };
		9ABC03E628374E3E00F2C030 /* Main.storyboard in Resources */ = {isa = PBXBuildFile; fileRef = 9ABC03E428374E3E00F2C030 /* Main.storyboard */; };
		9ABC03E828374E3E00F2C030 /* Assets.xcassets in Resources */ = {isa = PBXBuildFile; fileRef = 9ABC03E728374E3E00F2C030 /* Assets.xcassets */; };
		9ABC03EB28374E3E00F2C030 /* LaunchScreen.storyboard in Resources */ = {isa = PBXBuildFile; fileRef = 9ABC03E928374E3E00F2C030 /* LaunchScreen.storyboard */; };
		9ABC03F628374E3F00F2C030 /* Part2_Basic01Tests.swift in Sources */ = {isa = PBXBuildFile; fileRef = 9ABC03F528374E3F00F2C030 /* Part2_Basic01Tests.swift */; };
		9ABC040028374E3F00F2C030 /* Part2_Basic01UITests.swift in Sources */ = {isa = PBXBuildFile; fileRef = 9ABC03FF28374E3F00F2C030 /* Part2_Basic01UITests.swift */; };
		9ABC040228374E3F00F2C030 /* Part2_Basic01UITestsLaunchTests.swift in Sources */ = {isa = PBXBuildFile; fileRef = 9ABC040128374E3F00F2C030 /* Part2_Basic01UITestsLaunchTests.swift */; };
		9ABC040F28374E8900F2C030 /* Quote.swift in Sources */ = {isa = PBXBuildFile; fileRef = 9ABC040E28374E8900F2C030 /* Quote.swift */; };
/* End PBXBuildFile section */

/* Begin PBXContainerItemProxy section */
		9ABC03F228374E3F00F2C030 /* PBXContainerItemProxy */ = {
			isa = PBXContainerItemProxy;
			containerPortal = 9ABC03D328374E3E00F2C030 /* Project object */;
			proxyType = 1;
			remoteGlobalIDString = 9ABC03DA28374E3E00F2C030;
			remoteInfo = Part2_Basic01;
		};
		9ABC03FC28374E3F00F2C030 /* PBXContainerItemProxy */ = {
			isa = PBXContainerItemProxy;
			containerPortal = 9ABC03D328374E3E00F2C030 /* Project object */;
			proxyType = 1;
			remoteGlobalIDString = 9ABC03DA28374E3E00F2C030;
			remoteInfo = Part2_Basic01;
		};
/* End PBXContainerItemProxy section */

/* Begin PBXFileReference section */
		9ABC03DB28374E3E00F2C030 /* Part2_Basic01.app */ = {isa = PBXFileReference; explicitFileType = wrapper.application; includeInIndex = 0; path = Part2_Basic01.app; sourceTree = BUILT_PRODUCTS_DIR; };
		9ABC03DE28374E3E00F2C030 /* AppDelegate.swift */ = {isa = PBXFileReference; lastKnownFileType = sourcecode.swift; path = AppDelegate.swift; sourceTree = "<group>"; };
		9ABC03E028374E3E00F2C030 /* SceneDelegate.swift */ = {isa = PBXFileReference; lastKnownFileType = sourcecode.swift; path = SceneDelegate.swift; sourceTree = "<group>"; };
		9ABC03E228374E3E00F2C030 /* ViewController.swift */ = {isa = PBXFileReference; lastKnownFileType = sourcecode.swift; path = ViewController.swift; sourceTree = "<group>"; };
		9ABC03E528374E3E00F2C030 /* Base */ = {isa = PBXFileReference; lastKnownFileType = file.storyboard; name = Base; path = Base.lproj/Main.storyboard; sourceTree = "<group>"; };
		9ABC03E728374E3E00F2C030 /* Assets.xcassets */ = {isa = PBXFileReference; lastKnownFileType = folder.assetcatalog; path = Assets.xcassets; sourceTree = "<group>"; };
		9ABC03EA28374E3E00F2C030 /* Base */ = {isa = PBXFileReference; lastKnownFileType = file.storyboard; name = Base; path = Base.lproj/LaunchScreen.storyboard; sourceTree = "<group>"; };
		9ABC03EC28374E3E00F2C030 /* Info.plist */ = {isa = PBXFileReference; lastKnownFileType = text.plist.xml; path = Info.plist; sourceTree = "<group>"; };
		9ABC03F128374E3F00F2C030 /* Part2_Basic01Tests.xctest */ = {isa = PBXFileReference; explicitFileType = wrapper.cfbundle; includeInIndex = 0; path = Part2_Basic01Tests.xctest; sourceTree = BUILT_PRODUCTS_DIR; };
		9ABC03F528374E3F00F2C030 /* Part2_Basic01Tests.swift */ = {isa = PBXFileReference; lastKnownFileType = sourcecode.swift; path = Part2_Basic01Tests.swift; sourceTree = "<group>"; };
		9ABC03FB28374E3F00F2C030 /* Part2_Basic01UITests.xctest */ = {isa = PBXFileReference; explicitFileType = wrapper.cfbundle; includeInIndex = 0; path = Part2_Basic01UITests.xctest; sourceTree = BUILT_PRODUCTS_DIR; };
		9ABC03FF28374E3F00F2C030 /* Part2_Basic01UITests.swift */ = {isa = PBXFileReference; lastKnownFileType = sourcecode.swift; path = Part2_Basic01UITests.swift; sourceTree = "<group>"; };
		9ABC040128374E3F00F2C030 /* Part2_Basic01UITestsLaunchTests.swift */ = {isa = PBXFileReference; lastKnownFileType = sourcecode.swift; path = Part2_Basic01UITestsLaunchTests.swift; sourceTree = "<group>"; };
		9ABC040E28374E8900F2C030 /* Quote.swift */ = {isa = PBXFileReference; lastKnownFileType = sourcecode.swift; path = Quote.swift; sourceTree = "<group>"; };
/* End PBXFileReference section */

/* Begin PBXFrameworksBuildPhase section */
		9ABC03D828374E3E00F2C030 /* Frameworks */ = {
			isa = PBXFrameworksBuildPhase;
			buildActionMask = 2147483647;
			files = (
			);
			runOnlyForDeploymentPostprocessing = 0;
		};
		9ABC03EE28374E3F00F2C030 /* Frameworks */ = {
			isa = PBXFrameworksBuildPhase;
			buildActionMask = 2147483647;
			files = (
			);
			runOnlyForDeploymentPostprocessing = 0;
		};
		9ABC03F828374E3F00F2C030 /* Frameworks */ = {
			isa = PBXFrameworksBuildPhase;
			buildActionMask = 2147483647;
			files = (
			);
			runOnlyForDeploymentPostprocessing = 0;
		};
/* End PBXFrameworksBuildPhase section */

/* Begin PBXGroup section */
		9ABC03D228374E3E00F2C030 = {
			isa = PBXGroup;
			children = (
				9ABC03DD28374E3E00F2C030 /* Part2_Basic01 */,
				9ABC03F428374E3F00F2C030 /* Part2_Basic01Tests */,
				9ABC03FE28374E3F00F2C030 /* Part2_Basic01UITests */,
				9ABC03DC28374E3E00F2C030 /* Products */,
			);
			sourceTree = "<group>";
		};
		9ABC03DC28374E3E00F2C030 /* Products */ = {
			isa = PBXGroup;
			children = (
				9ABC03DB28374E3E00F2C030 /* Part2_Basic01.app */,
				9ABC03F128374E3F00F2C030 /* Part2_Basic01Tests.xctest */,
				9ABC03FB28374E3F00F2C030 /* Part2_Basic01UITests.xctest */,
			);
			name = Products;
			sourceTree = "<group>";
		};
		9ABC03DD28374E3E00F2C030 /* Part2_Basic01 */ = {
			isa = PBXGroup;
			children = (
				9ABC03DE28374E3E00F2C030 /* AppDelegate.swift */,
				9ABC03E028374E3E00F2C030 /* SceneDelegate.swift */,
				9ABC03E228374E3E00F2C030 /* ViewController.swift */,
				9ABC03E428374E3E00F2C030 /* Main.storyboard */,
				9ABC03E728374E3E00F2C030 /* Assets.xcassets */,
				9ABC03E928374E3E00F2C030 /* LaunchScreen.storyboard */,
				9ABC03EC28374E3E00F2C030 /* Info.plist */,
				9ABC040E28374E8900F2C030 /* Quote.swift */,
			);
			path = Part2_Basic01;
			sourceTree = "<group>";
		};
		9ABC03F428374E3F00F2C030 /* Part2_Basic01Tests */ = {
			isa = PBXGroup;
			children = (
				9ABC03F528374E3F00F2C030 /* Part2_Basic01Tests.swift */,
			);
			path = Part2_Basic01Tests;
			sourceTree = "<group>";
		};
		9ABC03FE28374E3F00F2C030 /* Part2_Basic01UITests */ = {
			isa = PBXGroup;
			children = (
				9ABC03FF28374E3F00F2C030 /* Part2_Basic01UITests.swift */,
				9ABC040128374E3F00F2C030 /* Part2_Basic01UITestsLaunchTests.swift */,
			);
			path = Part2_Basic01UITests;
			sourceTree = "<group>";
		};
/* End PBXGroup section */

/* Begin PBXNativeTarget section */
		9ABC03DA28374E3E00F2C030 /* Part2_Basic01 */ = {
			isa = PBXNativeTarget;
			buildConfigurationList = 9ABC040528374E3F00F2C030 /* Build configuration list for PBXNativeTarget "Part2_Basic01" */;
			buildPhases = (
				9ABC03D728374E3E00F2C030 /* Sources */,
				9ABC03D828374E3E00F2C030 /* Frameworks */,
				9ABC03D928374E3E00F2C030 /* Resources */,
			);
			buildRules = (
			);
			dependencies = (
			);
			name = Part2_Basic01;
			productName = Part2_Basic01;
			productReference = 9ABC03DB28374E3E00F2C030 /* Part2_Basic01.app */;
			productType = "com.apple.product-type.application";
		};
		9ABC03F028374E3F00F2C030 /* Part2_Basic01Tests */ = {
			isa = PBXNativeTarget;
			buildConfigurationList = 9ABC040828374E3F00F2C030 /* Build configuration list for PBXNativeTarget "Part2_Basic01Tests" */;
			buildPhases = (
				9ABC03ED28374E3F00F2C030 /* Sources */,
				9ABC03EE28374E3F00F2C030 /* Frameworks */,
				9ABC03EF28374E3F00F2C030 /* Resources */,
			);
			buildRules = (
			);
			dependencies = (
				9ABC03F328374E3F00F2C030 /* PBXTargetDependency */,
			);
			name = Part2_Basic01Tests;
			productName = Part2_Basic01Tests;
			productReference = 9ABC03F128374E3F00F2C030 /* Part2_Basic01Tests.xctest */;
			productType = "com.apple.product-type.bundle.unit-test";
		};
		9ABC03FA28374E3F00F2C030 /* Part2_Basic01UITests */ = {
			isa = PBXNativeTarget;
			buildConfigurationList = 9ABC040B28374E3F00F2C030 /* Build configuration list for PBXNativeTarget "Part2_Basic01UITests" */;
			buildPhases = (
				9ABC03F728374E3F00F2C030 /* Sources */,
				9ABC03F828374E3F00F2C030 /* Frameworks */,
				9ABC03F928374E3F00F2C030 /* Resources */,
			);
			buildRules = (
			);
			dependencies = (
				9ABC03FD28374E3F00F2C030 /* PBXTargetDependency */,
			);
			name = Part2_Basic01UITests;
			productName = Part2_Basic01UITests;
			productReference = 9ABC03FB28374E3F00F2C030 /* Part2_Basic01UITests.xctest */;
			productType = "com.apple.product-type.bundle.ui-testing";
		};
/* End PBXNativeTarget section */

/* Begin PBXProject section */
		9ABC03D328374E3E00F2C030 /* Project object */ = {
			isa = PBXProject;
			attributes = {
				BuildIndependentTargetsInParallel = 1;
				LastSwiftUpdateCheck = 1340;
				LastUpgradeCheck = 1340;
				TargetAttributes = {
					9ABC03DA28374E3E00F2C030 = {
						CreatedOnToolsVersion = 13.4;
					};
					9ABC03F028374E3F00F2C030 = {
						CreatedOnToolsVersion = 13.4;
						TestTargetID = 9ABC03DA28374E3E00F2C030;
					};
					9ABC03FA28374E3F00F2C030 = {
						CreatedOnToolsVersion = 13.4;
						TestTargetID = 9ABC03DA28374E3E00F2C030;
					};
				};
			};
			buildConfigurationList = 9ABC03D628374E3E00F2C030 /* Build configuration list for PBXProject "Part2_Basic01" */;
			compatibilityVersion = "Xcode 13.0";
			developmentRegion = en;
			hasScannedForEncodings = 0;
			knownRegions = (
				en,
				Base,
			);
			mainGroup = 9ABC03D228374E3E00F2C030;
			productRefGroup = 9ABC03DC28374E3E00F2C030 /* Products */;
			projectDirPath = "";
			projectRoot = "";
			targets = (
				9ABC03DA28374E3E00F2C030 /* Part2_Basic01 */,
				9ABC03F028374E3F00F2C030 /* Part2_Basic01Tests */,
				9ABC03FA28374E3F00F2C030 /* Part2_Basic01UITests */,
			);
		};
/* End PBXProject section */

/* Begin PBXResourcesBuildPhase section */
		9ABC03D928374E3E00F2C030 /* Resources */ = {
			isa = PBXResourcesBuildPhase;
			buildActionMask = 2147483647;
			files = (
				9ABC03EB28374E3E00F2C030 /* LaunchScreen.storyboard in Resources */,
				9ABC03E828374E3E00F2C030 /* Assets.xcassets in Resources */,
				9ABC03E628374E3E00F2C030 /* Main.storyboard in Resources */,
			);
			runOnlyForDeploymentPostprocessing = 0;
		};
		9ABC03EF28374E3F00F2C030 /* Resources */ = {
			isa = PBXResourcesBuildPhase;
			buildActionMask = 2147483647;
			files = (
			);
			runOnlyForDeploymentPostprocessing = 0;
		};
		9ABC03F928374E3F00F2C030 /* Resources */ = {
			isa = PBXResourcesBuildPhase;
			buildActionMask = 2147483647;
			files = (
			);
			runOnlyForDeploymentPostprocessing = 0;
		};
/* End PBXResourcesBuildPhase section */

/* Begin PBXSourcesBuildPhase section */
		9ABC03D728374E3E00F2C030 /* Sources */ = {
			isa = PBXSourcesBuildPhase;
			buildActionMask = 2147483647;
			files = (
				9ABC040F28374E8900F2C030 /* Quote.swift in Sources */,
				9ABC03E328374E3E00F2C030 /* ViewController.swift in Sources */,
				9ABC03DF28374E3E00F2C030 /* AppDelegate.swift in Sources */,
				9ABC03E128374E3E00F2C030 /* SceneDelegate.swift in Sources */,
			);
			runOnlyForDeploymentPostprocessing = 0;
		};
		9ABC03ED28374E3F00F2C030 /* Sources */ = {
			isa = PBXSourcesBuildPhase;
			buildActionMask = 2147483647;
			files = (
				9ABC03F628374E3F00F2C030 /* Part2_Basic01Tests.swift in Sources */,
			);
			runOnlyForDeploymentPostprocessing = 0;
		};
		9ABC03F728374E3F00F2C030 /* Sources */ = {
			isa = PBXSourcesBuildPhase;
			buildActionMask = 2147483647;
			files = (
				9ABC040228374E3F00F2C030 /* Part2_Basic01UITestsLaunchTests.swift in Sources */,
				9ABC040028374E3F00F2C030 /* Part2_Basic01UITests.swift in Sources */,
			);
			runOnlyForDeploymentPostprocessing = 0;
		};
/* End PBXSourcesBuildPhase section */

/* Begin PBXTargetDependency section */
		9ABC03F328374E3F00F2C030 /* PBXTargetDependency */ = {
			isa = PBXTargetDependency;
			target = 9ABC03DA28374E3E00F2C030 /* Part2_Basic01 */;
			targetProxy = 9ABC03F228374E3F00F2C030 /* PBXContainerItemProxy */;
		};
		9ABC03FD28374E3F00F2C030 /* PBXTargetDependency */ = {
			isa = PBXTargetDependency;
			target = 9ABC03DA28374E3E00F2C030 /* Part2_Basic01 */;
			targetProxy = 9ABC03FC28374E3F00F2C030 /* PBXContainerItemProxy */;
		};
/* End PBXTargetDependency section */

/* Begin PBXVariantGroup section */
		9ABC03E428374E3E00F2C030 /* Main.storyboard */ = {
			isa = PBXVariantGroup;
			children = (
				9ABC03E528374E3E00F2C030 /* Base */,
			);
			name = Main.storyboard;
			sourceTree = "<group>";
		};
		9ABC03E928374E3E00F2C030 /* LaunchScreen.storyboard */ = {
			isa = PBXVariantGroup;
			children = (
				9ABC03EA28374E3E00F2C030 /* Base */,
			);
			name = LaunchScreen.storyboard;
			sourceTree = "<group>";
		};
/* End PBXVariantGroup section */

/* Begin XCBuildConfiguration section */
		9ABC040328374E3F00F2C030 /* Debug */ = {
			isa = XCBuildConfiguration;
			buildSettings = {
				ALWAYS_SEARCH_USER_PATHS = NO;
				CLANG_ANALYZER_NONNULL = YES;
				CLANG_ANALYZER_NUMBER_OBJECT_CONVERSION = YES_AGGRESSIVE;
				CLANG_CXX_LANGUAGE_STANDARD = "gnu++17";
				CLANG_ENABLE_MODULES = YES;
				CLANG_ENABLE_OBJC_ARC = YES;
				CLANG_ENABLE_OBJC_WEAK = YES;
				CLANG_WARN_BLOCK_CAPTURE_AUTORELEASING = YES;
				CLANG_WARN_BOOL_CONVERSION = YES;
				CLANG_WARN_COMMA = YES;
				CLANG_WARN_CONSTANT_CONVERSION = YES;
				CLANG_WARN_DEPRECATED_OBJC_IMPLEMENTATIONS = YES;
				CLANG_WARN_DIRECT_OBJC_ISA_USAGE = YES_ERROR;
				CLANG_WARN_DOCUMENTATION_COMMENTS = YES;
				CLANG_WARN_EMPTY_BODY = YES;
				CLANG_WARN_ENUM_CONVERSION = YES;
				CLANG_WARN_INFINITE_RECURSION = YES;
				CLANG_WARN_INT_CONVERSION = YES;
				CLANG_WARN_NON_LITERAL_NULL_CONVERSION = YES;
				CLANG_WARN_OBJC_IMPLICIT_RETAIN_SELF = YES;
				CLANG_WARN_OBJC_LITERAL_CONVERSION = YES;
				CLANG_WARN_OBJC_ROOT_CLASS = YES_ERROR;
				CLANG_WARN_QUOTED_INCLUDE_IN_FRAMEWORK_HEADER = YES;
				CLANG_WARN_RANGE_LOOP_ANALYSIS = YES;
				CLANG_WARN_STRICT_PROTOTYPES = YES;
				CLANG_WARN_SUSPICIOUS_MOVE = YES;
				CLANG_WARN_UNGUARDED_AVAILABILITY = YES_AGGRESSIVE;
				CLANG_WARN_UNREACHABLE_CODE = YES;
				CLANG_WARN__DUPLICATE_METHOD_MATCH = YES;
				COPY_PHASE_STRIP = NO;
				DEBUG_INFORMATION_FORMAT = dwarf;
				ENABLE_STRICT_OBJC_MSGSEND = YES;
				ENABLE_TESTABILITY = YES;
				GCC_C_LANGUAGE_STANDARD = gnu11;
				GCC_DYNAMIC_NO_PIC = NO;
				GCC_NO_COMMON_BLOCKS = YES;
				GCC_OPTIMIZATION_LEVEL = 0;
				GCC_PREPROCESSOR_DEFINITIONS = (
					"DEBUG=1",
					"$(inherited)",
				);
				GCC_WARN_64_TO_32_BIT_CONVERSION = YES;
				GCC_WARN_ABOUT_RETURN_TYPE = YES_ERROR;
				GCC_WARN_UNDECLARED_SELECTOR = YES;
				GCC_WARN_UNINITIALIZED_AUTOS = YES_AGGRESSIVE;
				GCC_WARN_UNUSED_FUNCTION = YES;
				GCC_WARN_UNUSED_VARIABLE = YES;
				IPHONEOS_DEPLOYMENT_TARGET = 15.5;
				MTL_ENABLE_DEBUG_INFO = INCLUDE_SOURCE;
				MTL_FAST_MATH = YES;
				ONLY_ACTIVE_ARCH = YES;
				SDKROOT = iphoneos;
				SWIFT_ACTIVE_COMPILATION_CONDITIONS = DEBUG;
				SWIFT_OPTIMIZATION_LEVEL = "-Onone";
			};
			name = Debug;
		};
		9ABC040428374E3F00F2C030 /* Release */ = {
			isa = XCBuildConfiguration;
			buildSettings = {
				ALWAYS_SEARCH_USER_PATHS = NO;
				CLANG_ANALYZER_NONNULL = YES;
				CLANG_ANALYZER_NUMBER_OBJECT_CONVERSION = YES_AGGRESSIVE;
				CLANG_CXX_LANGUAGE_STANDARD = "gnu++17";
				CLANG_ENABLE_MODULES = YES;
				CLANG_ENABLE_OBJC_ARC = YES;
				CLANG_ENABLE_OBJC_WEAK = YES;
				CLANG_WARN_BLOCK_CAPTURE_AUTORELEASING = YES;
				CLANG_WARN_BOOL_CONVERSION = YES;
				CLANG_WARN_COMMA = YES;
				CLANG_WARN_CONSTANT_CONVERSION = YES;
				CLANG_WARN_DEPRECATED_OBJC_IMPLEMENTATIONS = YES;
				CLANG_WARN_DIRECT_OBJC_ISA_USAGE = YES_ERROR;
				CLANG_WARN_DOCUMENTATION_COMMENTS = YES;
				CLANG_WARN_EMPTY_BODY = YES;
				CLANG_WARN_ENUM_CONVERSION = YES;
				CLANG_WARN_INFINITE_RECURSION = YES;
				CLANG_WARN_INT_CONVERSION = YES;
				CLANG_WARN_NON_LITERAL_NULL_CONVERSION = YES;
				CLANG_WARN_OBJC_IMPLICIT_RETAIN_SELF = YES;
				CLANG_WARN_OBJC_LITERAL_CONVERSION = YES;
				CLANG_WARN_OBJC_ROOT_CLASS = YES_ERROR;
				CLANG_WARN_QUOTED_INCLUDE_IN_FRAMEWORK_HEADER = YES;
				CLANG_WARN_RANGE_LOOP_ANALYSIS = YES;
				CLANG_WARN_STRICT_PROTOTYPES = YES;
				CLANG_WARN_SUSPICIOUS_MOVE = YES;
				CLANG_WARN_UNGUARDED_AVAILABILITY = YES_AGGRESSIVE;
				CLANG_WARN_UNREACHABLE_CODE = YES;
				CLANG_WARN__DUPLICATE_METHOD_MATCH = YES;
				COPY_PHASE_STRIP = NO;
				DEBUG_INFORMATION_FORMAT = "dwarf-with-dsym";
				ENABLE_NS_ASSERTIONS = NO;
				ENABLE_STRICT_OBJC_MSGSEND = YES;
				GCC_C_LANGUAGE_STANDARD = gnu11;
				GCC_NO_COMMON_BLOCKS = YES;
				GCC_WARN_64_TO_32_BIT_CONVERSION = YES;
				GCC_WARN_ABOUT_RETURN_TYPE = YES_ERROR;
				GCC_WARN_UNDECLARED_SELECTOR = YES;
				GCC_WARN_UNINITIALIZED_AUTOS = YES_AGGRESSIVE;
				GCC_WARN_UNUSED_FUNCTION = YES;
				GCC_WARN_UNUSED_VARIABLE = YES;
				IPHONEOS_DEPLOYMENT_TARGET = 15.5;
				MTL_ENABLE_DEBUG_INFO = NO;
				MTL_FAST_MATH = YES;
				SDKROOT = iphoneos;
				SWIFT_COMPILATION_MODE = wholemodule;
				SWIFT_OPTIMIZATION_LEVEL = "-O";
				VALIDATE_PRODUCT = YES;
			};
			name = Release;
		};
		9ABC040628374E3F00F2C030 /* Debug */ = {
			isa = XCBuildConfiguration;
			buildSettings = {
				ASSETCATALOG_COMPILER_APPICON_NAME = AppIcon;
				ASSETCATALOG_COMPILER_GLOBAL_ACCENT_COLOR_NAME = AccentColor;
				CODE_SIGN_STYLE = Automatic;
				CURRENT_PROJECT_VERSION = 1;
				GENERATE_INFOPLIST_FILE = YES;
				INFOPLIST_FILE = Part2_Basic01/Info.plist;
				INFOPLIST_KEY_UIApplicationSupportsIndirectInputEvents = YES;
				INFOPLIST_KEY_UILaunchStoryboardName = LaunchScreen;
				INFOPLIST_KEY_UIMainStoryboardFile = Main;
				INFOPLIST_KEY_UISupportedInterfaceOrientations_iPad = "UIInterfaceOrientationPortrait UIInterfaceOrientationPortraitUpsideDown UIInterfaceOrientationLandscapeLeft UIInterfaceOrientationLandscapeRight";
				INFOPLIST_KEY_UISupportedInterfaceOrientations_iPhone = "UIInterfaceOrientationPortrait UIInterfaceOrientationLandscapeLeft UIInterfaceOrientationLandscapeRight";
				LD_RUNPATH_SEARCH_PATHS = (
					"$(inherited)",
					"@executable_path/Frameworks",
				);
				MARKETING_VERSION = 1.0;
				PRODUCT_BUNDLE_IDENTIFIER = "com.swift.Part2-Basic01";
				PRODUCT_NAME = "$(TARGET_NAME)";
				SWIFT_EMIT_LOC_STRINGS = YES;
				SWIFT_VERSION = 5.0;
				TARGETED_DEVICE_FAMILY = "1,2";
			};
			name = Debug;
		};
		9ABC040728374E3F00F2C030 /* Release */ = {
			isa = XCBuildConfiguration;
			buildSettings = {
				ASSETCATALOG_COMPILER_APPICON_NAME = AppIcon;
				ASSETCATALOG_COMPILER_GLOBAL_ACCENT_COLOR_NAME = AccentColor;
				CODE_SIGN_STYLE = Automatic;
				CURRENT_PROJECT_VERSION = 1;
				GENERATE_INFOPLIST_FILE = YES;
				INFOPLIST_FILE = Part2_Basic01/Info.plist;
				INFOPLIST_KEY_UIApplicationSupportsIndirectInputEvents = YES;
				INFOPLIST_KEY_UILaunchStoryboardName = LaunchScreen;
				INFOPLIST_KEY_UIMainStoryboardFile = Main;
				INFOPLIST_KEY_UISupportedInterfaceOrientations_iPad = "UIInterfaceOrientationPortrait UIInterfaceOrientationPortraitUpsideDown UIInterfaceOrientationLandscapeLeft UIInterfaceOrientationLandscapeRight";
				INFOPLIST_KEY_UISupportedInterfaceOrientations_iPhone = "UIInterfaceOrientationPortrait UIInterfaceOrientationLandscapeLeft UIInterfaceOrientationLandscapeRight";
				LD_RUNPATH_SEARCH_PATHS = (
					"$(inherited)",
					"@executable_path/Frameworks",
				);
				MARKETING_VERSION = 1.0;
				PRODUCT_BUNDLE_IDENTIFIER = "com.swift.Part2-Basic01";
				PRODUCT_NAME = "$(TARGET_NAME)";
				SWIFT_EMIT_LOC_STRINGS = YES;
				SWIFT_VERSION = 5.0;
				TARGETED_DEVICE_FAMILY = "1,2";
			};
			name = Release;
		};
		9ABC040928374E3F00F2C030 /* Debug */ = {
			isa = XCBuildConfiguration;
			buildSettings = {
				ALWAYS_EMBED_SWIFT_STANDARD_LIBRARIES = YES;
				BUNDLE_LOADER = "$(TEST_HOST)";
				CODE_SIGN_STYLE = Automatic;
				CURRENT_PROJECT_VERSION = 1;
				GENERATE_INFOPLIST_FILE = YES;
				IPHONEOS_DEPLOYMENT_TARGET = 15.5;
				MARKETING_VERSION = 1.0;
				PRODUCT_BUNDLE_IDENTIFIER = "com.swift.Part2-Basic01Tests";
				PRODUCT_NAME = "$(TARGET_NAME)";
				SWIFT_EMIT_LOC_STRINGS = NO;
				SWIFT_VERSION = 5.0;
				TARGETED_DEVICE_FAMILY = "1,2";
				TEST_HOST = "$(BUILT_PRODUCTS_DIR)/Part2_Basic01.app/Part2_Basic01";
			};
			name = Debug;
		};
		9ABC040A28374E3F00F2C030 /* Release */ = {
			isa = XCBuildConfiguration;
			buildSettings = {
				ALWAYS_EMBED_SWIFT_STANDARD_LIBRARIES = YES;
				BUNDLE_LOADER = "$(TEST_HOST)";
				CODE_SIGN_STYLE = Automatic;
				CURRENT_PROJECT_VERSION = 1;
				GENERATE_INFOPLIST_FILE = YES;
				IPHONEOS_DEPLOYMENT_TARGET = 15.5;
				MARKETING_VERSION = 1.0;
				PRODUCT_BUNDLE_IDENTIFIER = "com.swift.Part2-Basic01Tests";
				PRODUCT_NAME = "$(TARGET_NAME)";
				SWIFT_EMIT_LOC_STRINGS = NO;
				SWIFT_VERSION = 5.0;
				TARGETED_DEVICE_FAMILY = "1,2";
				TEST_HOST = "$(BUILT_PRODUCTS_DIR)/Part2_Basic01.app/Part2_Basic01";
			};
			name = Release;
		};
		9ABC040C28374E3F00F2C030 /* Debug */ = {
			isa = XCBuildConfiguration;
			buildSettings = {
				ALWAYS_EMBED_SWIFT_STANDARD_LIBRARIES = YES;
				CODE_SIGN_STYLE = Automatic;
				CURRENT_PROJECT_VERSION = 1;
				GENERATE_INFOPLIST_FILE = YES;
				MARKETING_VERSION = 1.0;
				PRODUCT_BUNDLE_IDENTIFIER = "com.swift.Part2-Basic01UITests";
				PRODUCT_NAME = "$(TARGET_NAME)";
				SWIFT_EMIT_LOC_STRINGS = NO;
				SWIFT_VERSION = 5.0;
				TARGETED_DEVICE_FAMILY = "1,2";
				TEST_TARGET_NAME = Part2_Basic01;
			};
			name = Debug;
		};
		9ABC040D28374E3F00F2C030 /* Release */ = {
			isa = XCBuildConfiguration;
			buildSettings = {
				ALWAYS_EMBED_SWIFT_STANDARD_LIBRARIES = YES;
				CODE_SIGN_STYLE = Automatic;
				CURRENT_PROJECT_VERSION = 1;
				GENERATE_INFOPLIST_FILE = YES;
				MARKETING_VERSION = 1.0;
				PRODUCT_BUNDLE_IDENTIFIER = "com.swift.Part2-Basic01UITests";
				PRODUCT_NAME = "$(TARGET_NAME)";
				SWIFT_EMIT_LOC_STRINGS = NO;
				SWIFT_VERSION = 5.0;
				TARGETED_DEVICE_FAMILY = "1,2";
				TEST_TARGET_NAME = Part2_Basic01;
			};
			name = Release;
		};
/* End XCBuildConfiguration section */

/* Begin XCConfigurationList section */
		9ABC03D628374E3E00F2C030 /* Build configuration list for PBXProject "Part2_Basic01" */ = {
			isa = XCConfigurationList;
			buildConfigurations = (
				9ABC040328374E3F00F2C030 /* Debug */,
				9ABC040428374E3F00F2C030 /* Release */,
			);
			defaultConfigurationIsVisible = 0;
			defaultConfigurationName = Release;
		};
		9ABC040528374E3F00F2C030 /* Build configuration list for PBXNativeTarget "Part2_Basic01" */ = {
			isa = XCConfigurationList;
			buildConfigurations = (
				9ABC040628374E3F00F2C030 /* Debug */,
				9ABC040728374E3F00F2C030 /* Release */,
			);
			defaultConfigurationIsVisible = 0;
			defaultConfigurationName = Release;
		};
		9ABC040828374E3F00F2C030 /* Build configuration list for PBXNativeTarget "Part2_Basic01Tests" */ = {
			isa = XCConfigurationList;
			buildConfigurations = (
				9ABC040928374E3F00F2C030 /* Debug */,
				9ABC040A28374E3F00F2C030 /* Release */,
			);
			defaultConfigurationIsVisible = 0;
			defaultConfigurationName = Release;
		};
		9ABC040B28374E3F00F2C030 /* Build configuration list for PBXNativeTarget "Part2_Basic01UITests" */ = {
			isa = XCConfigurationList;
			buildConfigurations = (
				9ABC040C28374E3F00F2C030 /* Debug */,
				9ABC040D28374E3F00F2C030 /* Release */,
			);
			defaultConfigurationIsVisible = 0;
			defaultConfigurationName = Release;
		};
/* End XCConfigurationList section */
	};
	rootObject = 9ABC03D328374E3E00F2C030 /* Project object */;
}
